<?xml version="1.0" encoding="UTF-8" standalone="yes" ?>
<CodeBlocks_project_file>
	<FileVersion major="1" minor="6" />
	<Project>
		<Option title="DSA" />
		<Option pch_mode="2" />
		<Option compiler="gcc" />
		<Build>
			<Target title="Debug">
				<Option output="bin/Debug/DSA" prefix_auto="1" extension_auto="1" />
				<Option object_output="obj/Debug/" />
				<Option type="1" />
				<Option compiler="gcc" />
				<Compiler>
					<Add option="-g" />
				</Compiler>
			</Target>
			<Target title="Release">
				<Option output="bin/Release/DSA" prefix_auto="1" extension_auto="1" />
				<Option object_output="obj/Release/" />
				<Option type="1" />
				<Option compiler="gcc" />
				<Compiler>
					<Add option="-O2" />
				</Compiler>
				<Linker>
					<Add option="-s" />
				</Linker>
			</Target>
		</Build>
		<Compiler>
			<Add option="-Wall" />
		</Compiler>
		<Unit filename="array 13.cpp">
			<Option compile="0" />
			<Option link="0" />
		</Unit>
		<Unit filename="array 15.cpp">
			<Option compile="0" />
			<Option link="0" />
		</Unit>
		<Unit filename="array 16.cpp">
			<Option compile="0" />
			<Option link="0" />
		</Unit>
		<Unit filename="array 17.cpp">
			<Option compile="0" />
			<Option link="0" />
		</Unit>
		<Unit filename="array 42.cpp">
			<Option compile="0" />
			<Option link="0" />
		</Unit>
		<Unit filename="array10.cpp">
			<Option compile="0" />
			<Option link="0" />
		</Unit>
		<Unit filename="array11.cpp">
			<Option compile="0" />
			<Option link="0" />
		</Unit>
		<Unit filename="array12.cpp">
			<Option compile="0" />
			<Option link="0" />
		</Unit>
		<Unit filename="array13.cpp">
			<Option compile="0" />
			<Option link="0" />
		</Unit>
		<Unit filename="array6.c">
			<Option compilerVar="CC" />
			<Option compile="0" />
			<Option link="0" />
		</Unit>
		<Unit filename="array7.c">
			<Option compilerVar="CC" />
			<Option compile="0" />
			<Option link="0" />
		</Unit>
		<Unit filename="array8.cpp">
			<Option compile="0" />
			<Option link="0" />
		</Unit>
		<Unit filename="backtracking 1.cpp">
			<Option compile="0" />
			<Option link="0" />
		</Unit>
		<Unit filename="backtracking 2.cpp">
			<Option compile="0" />
			<Option link="0" />
		</Unit>
		<Unit filename="backtracking 5.cpp">
			<Option compile="0" />
			<Option link="0" />
		</Unit>
		<Unit filename="binaryTree 1.cpp">
			<Option compile="0" />
			<Option link="0" />
		</Unit>
		<Unit filename="binaryTree 10.cpp">
			<Option compile="0" />
			<Option link="0" />
		</Unit>
		<Unit filename="binaryTree 11.cpp">
			<Option compile="0" />
			<Option link="0" />
		</Unit>
		<Unit filename="binaryTree 12.cpp">
			<Option compile="0" />
			<Option link="0" />
		</Unit>
		<Unit filename="binaryTree 13.cpp">
			<Option compile="0" />
			<Option link="0" />
		</Unit>
		<Unit filename="binaryTree 15.cpp">
			<Option compile="0" />
			<Option link="0" />
		</Unit>
		<Unit filename="binaryTree 2.cpp">
			<Option compile="0" />
			<Option link="0" />
		</Unit>
		<Unit filename="binaryTree 3.cpp">
			<Option compile="0" />
			<Option link="0" />
		</Unit>
		<Unit filename="binaryTree 4.cpp">
			<Option compile="0" />
			<Option link="0" />
		</Unit>
		<Unit filename="binaryTree 6.cpp">
			<Option compile="0" />
			<Option link="0" />
		</Unit>
		<Unit filename="binaryTree 7.cpp">
			<Option compile="0" />
			<Option link="0" />
		</Unit>
		<Unit filename="binaryTree 8.cpp">
			<Option compile="0" />
			<Option link="0" />
		</Unit>
		<Unit filename="binaryTree 9.cpp">
			<Option compile="0" />
			<Option link="0" />
		</Unit>
		<Unit filename="bst 1.cpp">
			<Option compile="0" />
			<Option link="0" />
		</Unit>
		<Unit filename="bst 3.cpp">
			<Option compile="0" />
			<Option link="0" />
		</Unit>
		<Unit filename="bst 5.cpp">
			<Option compile="0" />
			<Option link="0" />
		</Unit>
		<Unit filename="dp 1.cpp">
			<Option compile="0" />
			<Option link="0" />
		</Unit>
		<Unit filename="dp 14.cpp">
			<Option compile="0" />
			<Option link="0" />
		</Unit>
		<Unit filename="dp 15.cpp">
			<Option compile="0" />
			<Option link="0" />
		</Unit>
		<Unit filename="dp 2.cpp">
			<Option compile="0" />
			<Option link="0" />
		</Unit>
		<Unit filename="dp 22.cpp">
			<Option compile="0" />
			<Option link="0" />
		</Unit>
		<Unit filename="dp 3.cpp">
			<Option compile="0" />
			<Option link="0" />
		</Unit>
		<Unit filename="dp 5.cpp">
			<Option compile="0" />
			<Option link="0" />
		</Unit>
		<Unit filename="dp 7.cpp">
			<Option compile="0" />
			<Option link="0" />
		</Unit>
		<Unit filename="dp 8.cpp">
			<Option compile="0" />
			<Option link="0" />
		</Unit>
		<Unit filename="graph 1.cpp">
			<Option compile="0" />
			<Option link="0" />
		</Unit>
		<Unit filename="graph 12.cpp">
			<Option compile="0" />
			<Option link="0" />
		</Unit>
		<Unit filename="graph 2.cpp">
			<Option compile="0" />
			<Option link="0" />
		</Unit>
		<Unit filename="graph 3.cpp">
			<Option compile="0" />
			<Option link="0" />
		</Unit>
		<Unit filename="graph 4.cpp">
			<Option compile="0" />
			<Option link="0" />
		</Unit>
		<Unit filename="graph 45.cpp">
			<Option compile="0" />
			<Option link="0" />
		</Unit>
		<Unit filename="graph 6.cpp">
			<Option compile="0" />
			<Option link="0" />
		</Unit>
		<Unit filename="graph 7.cpp">
			<Option compile="0" />
			<Option link="0" />
		</Unit>
		<Unit filename="greedy 1.cpp">
			<Option compile="0" />
			<Option link="0" />
		</Unit>
		<Unit filename="greedy 2.cpp">
			<Option compile="0" />
			<Option link="0" />
		</Unit>
		<Unit filename="greedy 5.cpp">
			<Option compile="0" />
			<Option link="0" />
		</Unit>
		<Unit filename="heap 1.c">
			<Option compilerVar="CC" />
		</Unit>
		<Unit filename="linkedList 1.c">
			<Option compilerVar="CC" />
			<Option compile="0" />
			<Option link="0" />
		</Unit>
		<Unit filename="linkedList 3.cpp">
			<Option compile="0" />
			<Option link="0" />
		</Unit>
		<Unit filename="linkedList 4.cpp">
			<Option compile="0" />
			<Option link="0" />
		</Unit>
		<Unit filename="linkedList 6.cpp">
			<Option compile="0" />
			<Option link="0" />
		</Unit>
		<Unit filename="matrix 61.cpp">
			<Option compile="0" />
			<Option link="0" />
		</Unit>
		<Unit filename="matrix 62.cpp">
			<Option compile="0" />
			<Option link="0" />
		</Unit>
		<Unit filename="random 31.cpp">
			<Option compile="0" />
			<Option link="0" />
		</Unit>
		<Unit filename="random 32.cpp">
			<Option compile="0" />
			<Option link="0" />
		</Unit>
		<Unit filename="s&amp;s 1.cpp">
			<Option compile="0" />
			<Option link="0" />
		</Unit>
		<Unit filename="search&amp;sort 2.cpp">
			<Option compile="0" />
			<Option link="0" />
		</Unit>
		<Unit filename="search&amp;sort 3.cpp">
			<Option compile="0" />
			<Option link="0" />
		</Unit>
		<Unit filename="search&amp;sort 4.cpp">
			<Option compile="0" />
			<Option link="0" />
		</Unit>
		<Unit filename="search&amp;sort 5.cpp">
			<Option compile="0" />
			<Option link="0" />
		</Unit>
		<Unit filename="stk&amp;que 4.cpp">
			<Option compile="0" />
			<Option link="0" />
		</Unit>
		<Unit filename="string 1.cpp">
			<Option compile="0" />
			<Option link="0" />
		</Unit>
		<Unit filename="string 10.cpp" />
		<Unit filename="string 16.cpp">
			<Option compile="0" />
			<Option link="0" />
		</Unit>
		<Unit filename="string 2.cpp">
			<Option compile="0" />
			<Option link="0" />
		</Unit>
		<Unit filename="string 3.cpp">
			<Option compile="0" />
			<Option link="0" />
		</Unit>
		<Unit filename="string 44.cpp">
			<Option compile="0" />
			<Option link="0" />
		</Unit>
		<Unit filename="string 5.cpp">
			<Option compile="0" />
			<Option link="0" />
		</Unit>
		<Unit filename="string 6.cpp" />
		<Unit filename="string 7.cpp" />
		<Unit filename="string 8.cpp">
			<Option compile="0" />
			<Option link="0" />
		</Unit>
		<Unit filename="string 9.cpp">
			<Option compile="0" />
			<Option link="0" />
		</Unit>
		<Unit filename="test1.c">
			<Option compilerVar="CC" />
			<Option compile="0" />
			<Option link="0" />
		</Unit>
		<Unit filename="test1.cpp">
			<Option compile="0" />
			<Option link="0" />
		</Unit>
		<Extensions>
			<lib_finder disable_auto="1" />
		</Extensions>
	</Project>
</CodeBlocks_project_file>
