<?xml version="1.0" encoding="UTF-8" standalone="yes" ?>
<CodeBlocks_project_file>
	<FileVersion major="1" minor="6" />
	<Project>
		<Option title="DSA" />
		<Option pch_mode="2" />
		<Option compiler="gcc" />
		<Build>
			<Target title="Debug">
				<Option output="bin/Debug/DSA" prefix_auto="1" extension_auto="1" />
				<Option object_output="obj/Debug/" />
				<Option type="1" />
				<Option compiler="gcc" />
				<Compiler>
					<Add option="-g" />
				</Compiler>
			</Target>
			<Target title="Release">
				<Option output="bin/Release/DSA" prefix_auto="1" extension_auto="1" />
				<Option object_output="obj/Release/" />
				<Option type="1" />
				<Option compiler="gcc" />
				<Compiler>
					<Add option="-O2" />
				</Compiler>
				<Linker>
					<Add option="-s" />
				</Linker>
			</Target>
		</Build>
		<Compiler>
			<Add option="-Wall" />
		</Compiler>
		<Unit filename="array 42.cpp">
			<Option compile="0" />
			<Option link="0" />
		</Unit>
		<Unit filename="array6.c">
			<Option compilerVar="CC" />
			<Option compile="0" />
			<Option link="0" />
		</Unit>
		<Unit filename="array7.c">
			<Option compilerVar="CC" />
			<Option compile="0" />
			<Option link="0" />
		</Unit>
		<Unit filename="backtracking 1.cpp">
			<Option compile="0" />
			<Option link="0" />
		</Unit>
		<Unit filename="backtracking 2.cpp">
			<Option compile="0" />
			<Option link="0" />
		</Unit>
		<Unit filename="binaryTree 1.cpp">
			<Option compile="0" />
			<Option link="0" />
		</Unit>
		<Unit filename="binaryTree 2.cpp">
			<Option compile="0" />
			<Option link="0" />
		</Unit>
		<Unit filename="binaryTree 3.cpp">
			<Option compile="0" />
			<Option link="0" />
		</Unit>
		<Unit filename="binaryTree 4.cpp">
			<Option compile="0" />
			<Option link="0" />
		</Unit>
		<Unit filename="dp 1.cpp">
			<Option compile="0" />
			<Option link="0" />
		</Unit>
		<Unit filename="dp 22.cpp">
			<Option compile="0" />
			<Option link="0" />
		</Unit>
		<Unit filename="dp 8.cpp">
			<Option compile="0" />
			<Option link="0" />
		</Unit>
		<Unit filename="graph 1.cpp" />
		<Unit filename="greedy 1.cpp">
			<Option compile="0" />
			<Option link="0" />
		</Unit>
		<Unit filename="greedy 2.cpp">
			<Option compile="0" />
			<Option link="0" />
		</Unit>
		<Unit filename="greedy 5.cpp">
			<Option compile="0" />
			<Option link="0" />
		</Unit>
		<Unit filename="linkedList 1.c">
			<Option compilerVar="CC" />
			<Option compile="0" />
			<Option link="0" />
		</Unit>
		<Unit filename="matrix 61.cpp">
			<Option compile="0" />
			<Option link="0" />
		</Unit>
		<Unit filename="random 31.cpp">
			<Option compile="0" />
			<Option link="0" />
		</Unit>
		<Unit filename="s&amp;s 1.cpp">
			<Option compile="0" />
			<Option link="0" />
		</Unit>
		<Unit filename="string 1.cpp">
			<Option compile="0" />
			<Option link="0" />
		</Unit>
		<Unit filename="test1.c">
			<Option compilerVar="CC" />
			<Option compile="0" />
			<Option link="0" />
		</Unit>
		<Unit filename="test1.cpp">
			<Option compile="0" />
			<Option link="0" />
		</Unit>
		<Extensions>
			<lib_finder disable_auto="1" />
		</Extensions>
	</Project>
</CodeBlocks_project_file>
